
Microsoft Visual Studio Solution File, Format Version 12.00
# Visual Studio Version 17
VisualStudioVersion = 17.2.32516.85
MinimumVisualStudioVersion = 10.0.40219.1
Project("{9A19103F-16F7-4668-BE54-9A1E7A4F7556}") = "Authentication.POC.Web.Server", "Authentication.POC.Web\Server\Authentication.POC.Web.Server.csproj", "{D0670D08-47A7-4BA0-AD12-920AAC58860A}"
EndProject
Project("{9A19103F-16F7-4668-BE54-9A1E7A4F7556}") = "Authentication.POC.Web.Client", "Authentication.POC.Web\Client\Authentication.POC.Web.Client.csproj", "{8A7904FB-DD2D-4459-A913-0B35D36909C9}"
EndProject
Project("{9A19103F-16F7-4668-BE54-9A1E7A4F7556}") = "Authentication.POC.Web.Shared", "Authentication.POC.Web\Shared\Authentication.POC.Web.Shared.csproj", "{3D6B67B4-F177-4037-966F-0B8F436B61FA}"
EndProject
Project("{9A19103F-16F7-4668-BE54-9A1E7A4F7556}") = "Authentication.POC.API.APIKey", "Authentication.POC.API.APIKey\Authentication.POC.API.APIKey.csproj", "{0ECB3035-23DA-41CA-8778-6784289B3645}"
EndProject
Project("{FAE04EC0-301F-11D3-BF4B-00C04F79EFBC}") = "Authentication.POC.API.JWT", "Authentication.POC.API.JWT\Authentication.POC.API.JWT.csproj", "{B627CDF3-FDA8-40C7-B3AC-C098FA83219D}"
EndProject
Global
	GlobalSection(SolutionConfigurationPlatforms) = preSolution
		Debug|Any CPU = Debug|Any CPU
		Release|Any CPU = Release|Any CPU
	EndGlobalSection
	GlobalSection(ProjectConfigurationPlatforms) = postSolution
		{D0670D08-47A7-4BA0-AD12-920AAC58860A}.Debug|Any CPU.ActiveCfg = Debug|Any CPU
		{D0670D08-47A7-4BA0-AD12-920AAC58860A}.Debug|Any CPU.Build.0 = Debug|Any CPU
		{D0670D08-47A7-4BA0-AD12-920AAC58860A}.Release|Any CPU.ActiveCfg = Release|Any CPU
		{D0670D08-47A7-4BA0-AD12-920AAC58860A}.Release|Any CPU.Build.0 = Release|Any CPU
		{8A7904FB-DD2D-4459-A913-0B35D36909C9}.Debug|Any CPU.ActiveCfg = Debug|Any CPU
		{8A7904FB-DD2D-4459-A913-0B35D36909C9}.Debug|Any CPU.Build.0 = Debug|Any CPU
		{8A7904FB-DD2D-4459-A913-0B35D36909C9}.Release|Any CPU.ActiveCfg = Release|Any CPU
		{8A7904FB-DD2D-4459-A913-0B35D36909C9}.Release|Any CPU.Build.0 = Release|Any CPU
		{3D6B67B4-F177-4037-966F-0B8F436B61FA}.Debug|Any CPU.ActiveCfg = Debug|Any CPU
		{3D6B67B4-F177-4037-966F-0B8F436B61FA}.Debug|Any CPU.Build.0 = Debug|Any CPU
		{3D6B67B4-F177-4037-966F-0B8F436B61FA}.Release|Any CPU.ActiveCfg = Release|Any CPU
		{3D6B67B4-F177-4037-966F-0B8F436B61FA}.Release|Any CPU.Build.0 = Release|Any CPU
		{0ECB3035-23DA-41CA-8778-6784289B3645}.Debug|Any CPU.ActiveCfg = Debug|Any CPU
		{0ECB3035-23DA-41CA-8778-6784289B3645}.Debug|Any CPU.Build.0 = Debug|Any CPU
		{0ECB3035-23DA-41CA-8778-6784289B3645}.Release|Any CPU.ActiveCfg = Release|Any CPU
		{0ECB3035-23DA-41CA-8778-6784289B3645}.Release|Any CPU.Build.0 = Release|Any CPU
		{B627CDF3-FDA8-40C7-B3AC-C098FA83219D}.Debug|Any CPU.ActiveCfg = Debug|Any CPU
		{B627CDF3-FDA8-40C7-B3AC-C098FA83219D}.Debug|Any CPU.Build.0 = Debug|Any CPU
		{B627CDF3-FDA8-40C7-B3AC-C098FA83219D}.Release|Any CPU.ActiveCfg = Release|Any CPU
		{B627CDF3-FDA8-40C7-B3AC-C098FA83219D}.Release|Any CPU.Build.0 = Release|Any CPU
	EndGlobalSection
	GlobalSection(SolutionProperties) = preSolution
		HideSolutionNode = FALSE
	EndGlobalSection
	GlobalSection(ExtensibilityGlobals) = postSolution
		SolutionGuid = {317FF722-DA4B-4FF8-BAC6-9692FBEB872B}
	EndGlobalSection
EndGlobal
